
Microsoft Visual Studio Solution File, Format Version 12.00
# Visual Studio 15
VisualStudioVersion = 15.0.26228.4
MinimumVisualStudioVersion = 10.0.40219.1
Project("{FAE04EC0-301F-11D3-BF4B-00C04F79EFBC}") = "EntityFun.Terminal", "EntityFun.Terminal\EntityFun.Terminal.csproj", "{AA75A94A-D461-4BC5-BC71-FA84CCB2C2A0}"
EndProject
Project("{FAE04EC0-301F-11D3-BF4B-00C04F79EFBC}") = "EntityFun.Data", "EntityFun.Data\EntityFun.Data.csproj", "{A638631B-D4DF-4385-B543-7D71EADD429D}"
EndProject
Project("{FAE04EC0-301F-11D3-BF4B-00C04F79EFBC}") = "EntityFun.Core", "EntityFun.Core\EntityFun.Core.csproj", "{12EB4729-A09E-492F-AABA-36C9FACB67BB}"
EndProject
Project("{FAE04EC0-301F-11D3-BF4B-00C04F79EFBC}") = "EntityFun.Services", "EntityFun.Services\EntityFun.Services.csproj", "{4DF7A52F-3B2C-4A86-A7AB-25112A178EF6}"
EndProject
Project("{FAE04EC0-301F-11D3-BF4B-00C04F79EFBC}") = "ServiceModelEx", "ServiceModelEx\ServiceModelEx.csproj", "{0858C710-AF53-4049-B98E-CFE3638D1228}"
EndProject
Global
	GlobalSection(SolutionConfigurationPlatforms) = preSolution
		Debug|Any CPU = Debug|Any CPU
		Release|Any CPU = Release|Any CPU
	EndGlobalSection
	GlobalSection(ProjectConfigurationPlatforms) = postSolution
		{AA75A94A-D461-4BC5-BC71-FA84CCB2C2A0}.Debug|Any CPU.ActiveCfg = Debug|Any CPU
		{AA75A94A-D461-4BC5-BC71-FA84CCB2C2A0}.Debug|Any CPU.Build.0 = Debug|Any CPU
		{AA75A94A-D461-4BC5-BC71-FA84CCB2C2A0}.Release|Any CPU.ActiveCfg = Release|Any CPU
		{AA75A94A-D461-4BC5-BC71-FA84CCB2C2A0}.Release|Any CPU.Build.0 = Release|Any CPU
		{A638631B-D4DF-4385-B543-7D71EADD429D}.Debug|Any CPU.ActiveCfg = Debug|Any CPU
		{A638631B-D4DF-4385-B543-7D71EADD429D}.Debug|Any CPU.Build.0 = Debug|Any CPU
		{A638631B-D4DF-4385-B543-7D71EADD429D}.Release|Any CPU.ActiveCfg = Release|Any CPU
		{A638631B-D4DF-4385-B543-7D71EADD429D}.Release|Any CPU.Build.0 = Release|Any CPU
		{12EB4729-A09E-492F-AABA-36C9FACB67BB}.Debug|Any CPU.ActiveCfg = Debug|Any CPU
		{12EB4729-A09E-492F-AABA-36C9FACB67BB}.Debug|Any CPU.Build.0 = Debug|Any CPU
		{12EB4729-A09E-492F-AABA-36C9FACB67BB}.Release|Any CPU.ActiveCfg = Release|Any CPU
		{12EB4729-A09E-492F-AABA-36C9FACB67BB}.Release|Any CPU.Build.0 = Release|Any CPU
		{4DF7A52F-3B2C-4A86-A7AB-25112A178EF6}.Debug|Any CPU.ActiveCfg = Debug|Any CPU
		{4DF7A52F-3B2C-4A86-A7AB-25112A178EF6}.Debug|Any CPU.Build.0 = Debug|Any CPU
		{4DF7A52F-3B2C-4A86-A7AB-25112A178EF6}.Release|Any CPU.ActiveCfg = Release|Any CPU
		{4DF7A52F-3B2C-4A86-A7AB-25112A178EF6}.Release|Any CPU.Build.0 = Release|Any CPU
		{0858C710-AF53-4049-B98E-CFE3638D1228}.Debug|Any CPU.ActiveCfg = Debug|Any CPU
		{0858C710-AF53-4049-B98E-CFE3638D1228}.Debug|Any CPU.Build.0 = Debug|Any CPU
		{0858C710-AF53-4049-B98E-CFE3638D1228}.Release|Any CPU.ActiveCfg = Release|Any CPU
		{0858C710-AF53-4049-B98E-CFE3638D1228}.Release|Any CPU.Build.0 = Release|Any CPU
	EndGlobalSection
	GlobalSection(SolutionProperties) = preSolution
		HideSolutionNode = FALSE
	EndGlobalSection
EndGlobal
